
Microsoft Visual Studio Solution File, Format Version 12.00
# Visual Studio Version 16
VisualStudioVersion = 16.0.30804.86
MinimumVisualStudioVersion = 10.0.40219.1
Project("{FAE04EC0-301F-11D3-BF4B-00C04F79EFBC}") = "CSharpExercises_8", "CSharpExercises_8.csproj", "{FC209F47-497D-4F63-BEF6-5BDB4FF08601}"
EndProject
Global
	GlobalSection(SolutionConfigurationPlatforms) = preSolution
		Debug|Any CPU = Debug|Any CPU
		Release|Any CPU = Release|Any CPU
	EndGlobalSection
	GlobalSection(ProjectConfigurationPlatforms) = postSolution
		{FC209F47-497D-4F63-BEF6-5BDB4FF08601}.Debug|Any CPU.ActiveCfg = Debug|Any CPU
		{FC209F47-497D-4F63-BEF6-5BDB4FF08601}.Debug|Any CPU.Build.0 = Debug|Any CPU
		{FC209F47-497D-4F63-BEF6-5BDB4FF08601}.Release|Any CPU.ActiveCfg = Release|Any CPU
		{FC209F47-497D-4F63-BEF6-5BDB4FF08601}.Release|Any CPU.Build.0 = Release|Any CPU
	EndGlobalSection
	GlobalSection(SolutionProperties) = preSolution
		HideSolutionNode = FALSE
	EndGlobalSection
	GlobalSection(ExtensibilityGlobals) = postSolution
		SolutionGuid = {ADAADA9E-4BD3-4DC1-B41E-D76EB6252AC0}
	EndGlobalSection
EndGlobal
